
Microsoft Visual Studio Solution File, Format Version 12.00
# Visual Studio Version 17
VisualStudioVersion = 17.5.002.0
MinimumVisualStudioVersion = 10.0.40219.1
Project("{9A19103F-16F7-4668-BE54-9A1E7A4F7556}") = "APICalls", "APICalls\APICalls.csproj", "{25D943CE-C621-4C23-BF35-CA46FE0BCDA8}"
EndProject
Global
	GlobalSection(SolutionConfigurationPlatforms) = preSolution
		Debug|Any CPU = Debug|Any CPU
		Release|Any CPU = Release|Any CPU
	EndGlobalSection
	GlobalSection(ProjectConfigurationPlatforms) = postSolution
		{25D943CE-C621-4C23-BF35-CA46FE0BCDA8}.Debug|Any CPU.ActiveCfg = Debug|Any CPU
		{25D943CE-C621-4C23-BF35-CA46FE0BCDA8}.Debug|Any CPU.Build.0 = Debug|Any CPU
		{25D943CE-C621-4C23-BF35-CA46FE0BCDA8}.Release|Any CPU.ActiveCfg = Release|Any CPU
		{25D943CE-C621-4C23-BF35-CA46FE0BCDA8}.Release|Any CPU.Build.0 = Release|Any CPU
	EndGlobalSection
	GlobalSection(SolutionProperties) = preSolution
		HideSolutionNode = FALSE
	EndGlobalSection
	GlobalSection(ExtensibilityGlobals) = postSolution
		SolutionGuid = {AC2D8F50-3B57-43E3-BB26-0210CBB907B6}
	EndGlobalSection
EndGlobal
